
Microsoft Visual Studio Solution File, Format Version 12.00
# Visual Studio Version 16
VisualStudioVersion = 16.0.30804.86
MinimumVisualStudioVersion = 10.0.40219.1
Project("{FAE04EC0-301F-11D3-BF4B-00C04F79EFBC}") = "Larkus", "Larkus.csproj", "{A06BB670-1E39-4D03-B61A-08DCC63F3684}"
EndProject
Project("{FAE04EC0-301F-11D3-BF4B-00C04F79EFBC}") = "Client", "..\Client\Client.csproj", "{76252715-89C8-4C80-88F6-227BB0985D9A}"
EndProject
Global
	GlobalSection(SolutionConfigurationPlatforms) = preSolution
		Debug|Any CPU = Debug|Any CPU
		Release|Any CPU = Release|Any CPU
	EndGlobalSection
	GlobalSection(ProjectConfigurationPlatforms) = postSolution
		{A06BB670-1E39-4D03-B61A-08DCC63F3684}.Debug|Any CPU.ActiveCfg = Debug|Any CPU
		{A06BB670-1E39-4D03-B61A-08DCC63F3684}.Debug|Any CPU.Build.0 = Debug|Any CPU
		{A06BB670-1E39-4D03-B61A-08DCC63F3684}.Release|Any CPU.ActiveCfg = Release|Any CPU
		{A06BB670-1E39-4D03-B61A-08DCC63F3684}.Release|Any CPU.Build.0 = Release|Any CPU
		{76252715-89C8-4C80-88F6-227BB0985D9A}.Debug|Any CPU.ActiveCfg = Debug|Any CPU
		{76252715-89C8-4C80-88F6-227BB0985D9A}.Debug|Any CPU.Build.0 = Debug|Any CPU
		{76252715-89C8-4C80-88F6-227BB0985D9A}.Release|Any CPU.ActiveCfg = Release|Any CPU
		{76252715-89C8-4C80-88F6-227BB0985D9A}.Release|Any CPU.Build.0 = Release|Any CPU
	EndGlobalSection
	GlobalSection(SolutionProperties) = preSolution
		HideSolutionNode = FALSE
	EndGlobalSection
	GlobalSection(ExtensibilityGlobals) = postSolution
		SolutionGuid = {2B8D7A11-18A2-4224-992C-638BF9F6CC8E}
	EndGlobalSection
EndGlobal
